// !$*UTF8*$!
{
	archiveVersion = 1;
	classes = {
	};
	objectVersion = 56;
	objects = {

/* Begin PBXBuildFile section */
		F1D871E929801133006288EE /* WeatherApp.swift in Sources */ = {isa = PBXBuildFile; fileRef = F1D871E829801133006288EE /* WeatherApp.swift */; };
		F1D8726F29801251006288EE /* Assets.xcassets in Resources */ = {isa = PBXBuildFile; fileRef = F1D8726E29801251006288EE /* Assets.xcassets */; };
		F1D8727F2980152D006288EE /* Color.swift in Sources */ = {isa = PBXBuildFile; fileRef = F1D8727E2980152D006288EE /* Color.swift */; };
		F1D87281298017B1006288EE /* HomeView.swift in Sources */ = {isa = PBXBuildFile; fileRef = F1D87280298017B1006288EE /* HomeView.swift */; };
		F1D8728329801BF9006288EE /* TabBar.swift in Sources */ = {isa = PBXBuildFile; fileRef = F1D8728229801BF9006288EE /* TabBar.swift */; };
		F1D8728529801E22006288EE /* Shapes.swift in Sources */ = {isa = PBXBuildFile; fileRef = F1D8728429801E22006288EE /* Shapes.swift */; };
		F1D87288298020EA006288EE /* BottomSheet in Frameworks */ = {isa = PBXBuildFile; productRef = F1D87287298020EA006288EE /* BottomSheet */; };
		F1D8728A29802249006288EE /* ForecastView.swift in Sources */ = {isa = PBXBuildFile; fileRef = F1D8728929802249006288EE /* ForecastView.swift */; };
		F1D8728C29802551006288EE /* Blur.swift in Sources */ = {isa = PBXBuildFile; fileRef = F1D8728B29802551006288EE /* Blur.swift */; };
/* End PBXBuildFile section */

/* Begin PBXFileReference section */
		F1D871E529801133006288EE /* WeatherAppUI.app */ = {isa = PBXFileReference; explicitFileType = wrapper.application; includeInIndex = 0; path = WeatherAppUI.app; sourceTree = BUILT_PRODUCTS_DIR; };
		F1D871E829801133006288EE /* WeatherApp.swift */ = {isa = PBXFileReference; lastKnownFileType = sourcecode.swift; path = WeatherApp.swift; sourceTree = "<group>"; };
		F1D8726E29801251006288EE /* Assets.xcassets */ = {isa = PBXFileReference; lastKnownFileType = folder.assetcatalog; path = Assets.xcassets; sourceTree = "<group>"; };
		F1D8727E2980152D006288EE /* Color.swift */ = {isa = PBXFileReference; lastKnownFileType = sourcecode.swift; path = Color.swift; sourceTree = "<group>"; };
		F1D87280298017B1006288EE /* HomeView.swift */ = {isa = PBXFileReference; lastKnownFileType = sourcecode.swift; path = HomeView.swift; sourceTree = "<group>"; };
		F1D8728229801BF9006288EE /* TabBar.swift */ = {isa = PBXFileReference; lastKnownFileType = sourcecode.swift; path = TabBar.swift; sourceTree = "<group>"; };
		F1D8728429801E22006288EE /* Shapes.swift */ = {isa = PBXFileReference; lastKnownFileType = sourcecode.swift; path = Shapes.swift; sourceTree = "<group>"; };
		F1D8728929802249006288EE /* ForecastView.swift */ = {isa = PBXFileReference; lastKnownFileType = sourcecode.swift; path = ForecastView.swift; sourceTree = "<group>"; };
		F1D8728B29802551006288EE /* Blur.swift */ = {isa = PBXFileReference; lastKnownFileType = sourcecode.swift; path = Blur.swift; sourceTree = "<group>"; };
/* End PBXFileReference section */

/* Begin PBXFrameworksBuildPhase section */
		F1D871E229801133006288EE /* Frameworks */ = {
			isa = PBXFrameworksBuildPhase;
			buildActionMask = 2147483647;
			files = (
				F1D87288298020EA006288EE /* BottomSheet in Frameworks */,
			);
			runOnlyForDeploymentPostprocessing = 0;
		};
/* End PBXFrameworksBuildPhase section */

/* Begin PBXGroup section */
		F1D871DC29801133006288EE = {
			isa = PBXGroup;
			children = (
				F1D871E729801133006288EE /* WeatherAppUI */,
				F1D871E629801133006288EE /* Products */,
			);
			sourceTree = "<group>";
		};
		F1D871E629801133006288EE /* Products */ = {
			isa = PBXGroup;
			children = (
				F1D871E529801133006288EE /* WeatherAppUI.app */,
			);
			name = Products;
			sourceTree = "<group>";
		};
		F1D871E729801133006288EE /* WeatherAppUI */ = {
			isa = PBXGroup;
			children = (
				F1D872792980136A006288EE /* View */,
				F1D87271298012ED006288EE /* Model */,
				F1D87272298012F8006288EE /* Utils */,
				F1D8727829801341006288EE /* Supporting Files */,
			);
			path = WeatherAppUI;
			sourceTree = "<group>";
		};
		F1D87271298012ED006288EE /* Model */ = {
			isa = PBXGroup;
			children = (
			);
			path = Model;
			sourceTree = "<group>";
		};
		F1D87272298012F8006288EE /* Utils */ = {
			isa = PBXGroup;
			children = (
				F1D8727E2980152D006288EE /* Color.swift */,
				F1D8728429801E22006288EE /* Shapes.swift */,
			);
			path = Utils;
			sourceTree = "<group>";
		};
		F1D8727829801341006288EE /* Supporting Files */ = {
			isa = PBXGroup;
			children = (
				F1D871E829801133006288EE /* WeatherApp.swift */,
				F1D8726E29801251006288EE /* Assets.xcassets */,
			);
			path = "Supporting Files";
			sourceTree = "<group>";
		};
		F1D872792980136A006288EE /* View */ = {
			isa = PBXGroup;
			children = (
				F1D8727A29801372006288EE /* Main */,
				F1D8727C298013A3006288EE /* Navigation */,
				F1D8727D298013A9006288EE /* Details */,
				F1D8727B29801377006288EE /* Components */,
			);
			path = View;
			sourceTree = "<group>";
		};
		F1D8727A29801372006288EE /* Main */ = {
			isa = PBXGroup;
			children = (
				F1D87280298017B1006288EE /* HomeView.swift */,
			);
			path = Main;
			sourceTree = "<group>";
		};
		F1D8727B29801377006288EE /* Components */ = {
			isa = PBXGroup;
			children = (
				F1D8728B29802551006288EE /* Blur.swift */,
			);
			path = Components;
			sourceTree = "<group>";
		};
		F1D8727C298013A3006288EE /* Navigation */ = {
			isa = PBXGroup;
			children = (
				F1D8728229801BF9006288EE /* TabBar.swift */,
			);
			path = Navigation;
			sourceTree = "<group>";
		};
		F1D8727D298013A9006288EE /* Details */ = {
			isa = PBXGroup;
			children = (
				F1D8728929802249006288EE /* ForecastView.swift */,
			);
			path = Details;
			sourceTree = "<group>";
		};
/* End PBXGroup section */

/* Begin PBXNativeTarget section */
		F1D871E429801133006288EE /* WeatherAppUI */ = {
			isa = PBXNativeTarget;
			buildConfigurationList = F1D871F329801137006288EE /* Build configuration list for PBXNativeTarget "WeatherAppUI" */;
			buildPhases = (
				F1D871E129801133006288EE /* Sources */,
				F1D871E229801133006288EE /* Frameworks */,
				F1D871E329801133006288EE /* Resources */,
			);
			buildRules = (
			);
			dependencies = (
			);
			name = WeatherAppUI;
			packageProductDependencies = (
				F1D87287298020EA006288EE /* BottomSheet */,
			);
			productName = WeatherAppUI;
			productReference = F1D871E529801133006288EE /* WeatherAppUI.app */;
			productType = "com.apple.product-type.application";
		};
/* End PBXNativeTarget section */

/* Begin PBXProject section */
		F1D871DD29801133006288EE /* Project object */ = {
			isa = PBXProject;
			attributes = {
				BuildIndependentTargetsInParallel = 1;
				LastSwiftUpdateCheck = 1410;
				LastUpgradeCheck = 1410;
				TargetAttributes = {
					F1D871E429801133006288EE = {
						CreatedOnToolsVersion = 14.1;
					};
				};
			};
			buildConfigurationList = F1D871E029801133006288EE /* Build configuration list for PBXProject "WeatherAppUI" */;
			compatibilityVersion = "Xcode 14.0";
			developmentRegion = en;
			hasScannedForEncodings = 0;
			knownRegions = (
				en,
				Base,
			);
			mainGroup = F1D871DC29801133006288EE;
			packageReferences = (
				F1D87286298020EA006288EE /* XCRemoteSwiftPackageReference "BottomSheet" */,
			);
			productRefGroup = F1D871E629801133006288EE /* Products */;
			projectDirPath = "";
			projectRoot = "";
			targets = (
				F1D871E429801133006288EE /* WeatherAppUI */,
			);
		};
/* End PBXProject section */

/* Begin PBXResourcesBuildPhase section */
		F1D871E329801133006288EE /* Resources */ = {
			isa = PBXResourcesBuildPhase;
			buildActionMask = 2147483647;
			files = (
				F1D8726F29801251006288EE /* Assets.xcassets in Resources */,
			);
			runOnlyForDeploymentPostprocessing = 0;
		};
/* End PBXResourcesBuildPhase section */

/* Begin PBXSourcesBuildPhase section */
		F1D871E129801133006288EE /* Sources */ = {
			isa = PBXSourcesBuildPhase;
			buildActionMask = 2147483647;
			files = (
				F1D87281298017B1006288EE /* HomeView.swift in Sources */,
				F1D871E929801133006288EE /* WeatherApp.swift in Sources */,
				F1D8728529801E22006288EE /* Shapes.swift in Sources */,
				F1D8727F2980152D006288EE /* Color.swift in Sources */,
				F1D8728C29802551006288EE /* Blur.swift in Sources */,
				F1D8728329801BF9006288EE /* TabBar.swift in Sources */,
				F1D8728A29802249006288EE /* ForecastView.swift in Sources */,
			);
			runOnlyForDeploymentPostprocessing = 0;
		};
/* End PBXSourcesBuildPhase section */

/* Begin XCBuildConfiguration section */
		F1D871F129801137006288EE /* Debug */ = {
			isa = XCBuildConfiguration;
			buildSettings = {
				ALWAYS_SEARCH_USER_PATHS = NO;
				CLANG_ANALYZER_NONNULL = YES;
				CLANG_ANALYZER_NUMBER_OBJECT_CONVERSION = YES_AGGRESSIVE;
				CLANG_CXX_LANGUAGE_STANDARD = "gnu++20";
				CLANG_ENABLE_MODULES = YES;
				CLANG_ENABLE_OBJC_ARC = YES;
				CLANG_ENABLE_OBJC_WEAK = YES;
				CLANG_WARN_BLOCK_CAPTURE_AUTORELEASING = YES;
				CLANG_WARN_BOOL_CONVERSION = YES;
				CLANG_WARN_COMMA = YES;
				CLANG_WARN_CONSTANT_CONVERSION = YES;
				CLANG_WARN_DEPRECATED_OBJC_IMPLEMENTATIONS = YES;
				CLANG_WARN_DIRECT_OBJC_ISA_USAGE = YES_ERROR;
				CLANG_WARN_DOCUMENTATION_COMMENTS = YES;
				CLANG_WARN_EMPTY_BODY = YES;
				CLANG_WARN_ENUM_CONVERSION = YES;
				CLANG_WARN_INFINITE_RECURSION = YES;
				CLANG_WARN_INT_CONVERSION = YES;
				CLANG_WARN_NON_LITERAL_NULL_CONVERSION = YES;
				CLANG_WARN_OBJC_IMPLICIT_RETAIN_SELF = YES;
				CLANG_WARN_OBJC_LITERAL_CONVERSION = YES;
				CLANG_WARN_OBJC_ROOT_CLASS = YES_ERROR;
				CLANG_WARN_QUOTED_INCLUDE_IN_FRAMEWORK_HEADER = YES;
				CLANG_WARN_RANGE_LOOP_ANALYSIS = YES;
				CLANG_WARN_STRICT_PROTOTYPES = YES;
				CLANG_WARN_SUSPICIOUS_MOVE = YES;
				CLANG_WARN_UNGUARDED_AVAILABILITY = YES_AGGRESSIVE;
				CLANG_WARN_UNREACHABLE_CODE = YES;
				CLANG_WARN__DUPLICATE_METHOD_MATCH = YES;
				COPY_PHASE_STRIP = NO;
				DEBUG_INFORMATION_FORMAT = dwarf;
				ENABLE_STRICT_OBJC_MSGSEND = YES;
				ENABLE_TESTABILITY = YES;
				GCC_C_LANGUAGE_STANDARD = gnu11;
				GCC_DYNAMIC_NO_PIC = NO;
				GCC_NO_COMMON_BLOCKS = YES;
				GCC_OPTIMIZATION_LEVEL = 0;
				GCC_PREPROCESSOR_DEFINITIONS = (
					"DEBUG=1",
					"$(inherited)",
				);
				GCC_WARN_64_TO_32_BIT_CONVERSION = YES;
				GCC_WARN_ABOUT_RETURN_TYPE = YES_ERROR;
				GCC_WARN_UNDECLARED_SELECTOR = YES;
				GCC_WARN_UNINITIALIZED_AUTOS = YES_AGGRESSIVE;
				GCC_WARN_UNUSED_FUNCTION = YES;
				GCC_WARN_UNUSED_VARIABLE = YES;
				IPHONEOS_DEPLOYMENT_TARGET = 16.1;
				MTL_ENABLE_DEBUG_INFO = INCLUDE_SOURCE;
				MTL_FAST_MATH = YES;
				ONLY_ACTIVE_ARCH = YES;
				SDKROOT = iphoneos;
				SWIFT_ACTIVE_COMPILATION_CONDITIONS = DEBUG;
				SWIFT_OPTIMIZATION_LEVEL = "-Onone";
			};
			name = Debug;
		};
		F1D871F229801137006288EE /* Release */ = {
			isa = XCBuildConfiguration;
			buildSettings = {
				ALWAYS_SEARCH_USER_PATHS = NO;
				CLANG_ANALYZER_NONNULL = YES;
				CLANG_ANALYZER_NUMBER_OBJECT_CONVERSION = YES_AGGRESSIVE;
				CLANG_CXX_LANGUAGE_STANDARD = "gnu++20";
				CLANG_ENABLE_MODULES = YES;
				CLANG_ENABLE_OBJC_ARC = YES;
				CLANG_ENABLE_OBJC_WEAK = YES;
				CLANG_WARN_BLOCK_CAPTURE_AUTORELEASING = YES;
				CLANG_WARN_BOOL_CONVERSION = YES;
				CLANG_WARN_COMMA = YES;
				CLANG_WARN_CONSTANT_CONVERSION = YES;
				CLANG_WARN_DEPRECATED_OBJC_IMPLEMENTATIONS = YES;
				CLANG_WARN_DIRECT_OBJC_ISA_USAGE = YES_ERROR;
				CLANG_WARN_DOCUMENTATION_COMMENTS = YES;
				CLANG_WARN_EMPTY_BODY = YES;
				CLANG_WARN_ENUM_CONVERSION = YES;
				CLANG_WARN_INFINITE_RECURSION = YES;
				CLANG_WARN_INT_CONVERSION = YES;
				CLANG_WARN_NON_LITERAL_NULL_CONVERSION = YES;
				CLANG_WARN_OBJC_IMPLICIT_RETAIN_SELF = YES;
				CLANG_WARN_OBJC_LITERAL_CONVERSION = YES;
				CLANG_WARN_OBJC_ROOT_CLASS = YES_ERROR;
				CLANG_WARN_QUOTED_INCLUDE_IN_FRAMEWORK_HEADER = YES;
				CLANG_WARN_RANGE_LOOP_ANALYSIS = YES;
				CLANG_WARN_STRICT_PROTOTYPES = YES;
				CLANG_WARN_SUSPICIOUS_MOVE = YES;
				CLANG_WARN_UNGUARDED_AVAILABILITY = YES_AGGRESSIVE;
				CLANG_WARN_UNREACHABLE_CODE = YES;
				CLANG_WARN__DUPLICATE_METHOD_MATCH = YES;
				COPY_PHASE_STRIP = NO;
				DEBUG_INFORMATION_FORMAT = "dwarf-with-dsym";
				ENABLE_NS_ASSERTIONS = NO;
				ENABLE_STRICT_OBJC_MSGSEND = YES;
				GCC_C_LANGUAGE_STANDARD = gnu11;
				GCC_NO_COMMON_BLOCKS = YES;
				GCC_WARN_64_TO_32_BIT_CONVERSION = YES;
				GCC_WARN_ABOUT_RETURN_TYPE = YES_ERROR;
				GCC_WARN_UNDECLARED_SELECTOR = YES;
				GCC_WARN_UNINITIALIZED_AUTOS = YES_AGGRESSIVE;
				GCC_WARN_UNUSED_FUNCTION = YES;
				GCC_WARN_UNUSED_VARIABLE = YES;
				IPHONEOS_DEPLOYMENT_TARGET = 16.1;
				MTL_ENABLE_DEBUG_INFO = NO;
				MTL_FAST_MATH = YES;
				SDKROOT = iphoneos;
				SWIFT_COMPILATION_MODE = wholemodule;
				SWIFT_OPTIMIZATION_LEVEL = "-O";
				VALIDATE_PRODUCT = YES;
			};
			name = Release;
		};
		F1D871F429801137006288EE /* Debug */ = {
			isa = XCBuildConfiguration;
			buildSettings = {
				ASSETCATALOG_COMPILER_APPICON_NAME = AppIcon;
				ASSETCATALOG_COMPILER_GLOBAL_ACCENT_COLOR_NAME = AccentColor;
				CODE_SIGN_STYLE = Automatic;
				CURRENT_PROJECT_VERSION = 1;
				DEVELOPMENT_TEAM = U3QLWV6K6Y;
				ENABLE_PREVIEWS = YES;
				GENERATE_INFOPLIST_FILE = YES;
				INFOPLIST_KEY_UIApplicationSceneManifest_Generation = YES;
				INFOPLIST_KEY_UIApplicationSupportsIndirectInputEvents = YES;
				INFOPLIST_KEY_UILaunchScreen_Generation = YES;
				INFOPLIST_KEY_UISupportedInterfaceOrientations_iPad = "UIInterfaceOrientationPortrait UIInterfaceOrientationPortraitUpsideDown UIInterfaceOrientationLandscapeLeft UIInterfaceOrientationLandscapeRight";
				INFOPLIST_KEY_UISupportedInterfaceOrientations_iPhone = "UIInterfaceOrientationPortrait UIInterfaceOrientationLandscapeLeft UIInterfaceOrientationLandscapeRight";
				LD_RUNPATH_SEARCH_PATHS = (
					"$(inherited)",
					"@executable_path/Frameworks",
				);
				MARKETING_VERSION = 1.0;
				PRODUCT_BUNDLE_IDENTIFIER = com.aali.WeatherAppUI;
				PRODUCT_NAME = "$(TARGET_NAME)";
				SWIFT_EMIT_LOC_STRINGS = YES;
				SWIFT_VERSION = 5.0;
				TARGETED_DEVICE_FAMILY = "1,2";
			};
			name = Debug;
		};
		F1D871F529801137006288EE /* Release */ = {
			isa = XCBuildConfiguration;
			buildSettings = {
				ASSETCATALOG_COMPILER_APPICON_NAME = AppIcon;
				ASSETCATALOG_COMPILER_GLOBAL_ACCENT_COLOR_NAME = AccentColor;
				CODE_SIGN_STYLE = Automatic;
				CURRENT_PROJECT_VERSION = 1;
				DEVELOPMENT_TEAM = U3QLWV6K6Y;
				ENABLE_PREVIEWS = YES;
				GENERATE_INFOPLIST_FILE = YES;
				INFOPLIST_KEY_UIApplicationSceneManifest_Generation = YES;
				INFOPLIST_KEY_UIApplicationSupportsIndirectInputEvents = YES;
				INFOPLIST_KEY_UILaunchScreen_Generation = YES;
				INFOPLIST_KEY_UISupportedInterfaceOrientations_iPad = "UIInterfaceOrientationPortrait UIInterfaceOrientationPortraitUpsideDown UIInterfaceOrientationLandscapeLeft UIInterfaceOrientationLandscapeRight";
				INFOPLIST_KEY_UISupportedInterfaceOrientations_iPhone = "UIInterfaceOrientationPortrait UIInterfaceOrientationLandscapeLeft UIInterfaceOrientationLandscapeRight";
				LD_RUNPATH_SEARCH_PATHS = (
					"$(inherited)",
					"@executable_path/Frameworks",
				);
				MARKETING_VERSION = 1.0;
				PRODUCT_BUNDLE_IDENTIFIER = com.aali.WeatherAppUI;
				PRODUCT_NAME = "$(TARGET_NAME)";
				SWIFT_EMIT_LOC_STRINGS = YES;
				SWIFT_VERSION = 5.0;
				TARGETED_DEVICE_FAMILY = "1,2";
			};
			name = Release;
		};
/* End XCBuildConfiguration section */

/* Begin XCConfigurationList section */
		F1D871E029801133006288EE /* Build configuration list for PBXProject "WeatherAppUI" */ = {
			isa = XCConfigurationList;
			buildConfigurations = (
				F1D871F129801137006288EE /* Debug */,
				F1D871F229801137006288EE /* Release */,
			);
			defaultConfigurationIsVisible = 0;
			defaultConfigurationName = Release;
		};
		F1D871F329801137006288EE /* Build configuration list for PBXNativeTarget "WeatherAppUI" */ = {
			isa = XCConfigurationList;
			buildConfigurations = (
				F1D871F429801137006288EE /* Debug */,
				F1D871F529801137006288EE /* Release */,
			);
			defaultConfigurationIsVisible = 0;
			defaultConfigurationName = Release;
		};
/* End XCConfigurationList section */

/* Begin XCRemoteSwiftPackageReference section */
		F1D87286298020EA006288EE /* XCRemoteSwiftPackageReference "BottomSheet" */ = {
			isa = XCRemoteSwiftPackageReference;
			repositoryURL = "https://github.com/Wouter125/BottomSheet";
			requirement = {
				kind = upToNextMajorVersion;
				minimumVersion = 1.0.0;
			};
		};
/* End XCRemoteSwiftPackageReference section */

/* Begin XCSwiftPackageProductDependency section */
		F1D87287298020EA006288EE /* BottomSheet */ = {
			isa = XCSwiftPackageProductDependency;
			package = F1D87286298020EA006288EE /* XCRemoteSwiftPackageReference "BottomSheet" */;
			productName = BottomSheet;
		};
/* End XCSwiftPackageProductDependency section */
	};
	rootObject = F1D871DD29801133006288EE /* Project object */;
}
